
Microsoft Visual Studio Solution File, Format Version 12.00
# Visual Studio Version 17
VisualStudioVersion = 17.10.35027.167
MinimumVisualStudioVersion = 10.0.40219.1
Project("{FAE04EC0-301F-11D3-BF4B-00C04F79EFBC}") = "Crazy Musicians", "Crazy Musicians\Crazy Musicians.csproj", "{F09FE257-7009-434B-8D68-602EAD5BE963}"
EndProject
Global
	GlobalSection(SolutionConfigurationPlatforms) = preSolution
		Debug|Any CPU = Debug|Any CPU
		Release|Any CPU = Release|Any CPU
	EndGlobalSection
	GlobalSection(ProjectConfigurationPlatforms) = postSolution
		{F09FE257-7009-434B-8D68-602EAD5BE963}.Debug|Any CPU.ActiveCfg = Debug|Any CPU
		{F09FE257-7009-434B-8D68-602EAD5BE963}.Debug|Any CPU.Build.0 = Debug|Any CPU
		{F09FE257-7009-434B-8D68-602EAD5BE963}.Release|Any CPU.ActiveCfg = Release|Any CPU
		{F09FE257-7009-434B-8D68-602EAD5BE963}.Release|Any CPU.Build.0 = Release|Any CPU
	EndGlobalSection
	GlobalSection(SolutionProperties) = preSolution
		HideSolutionNode = FALSE
	EndGlobalSection
	GlobalSection(ExtensibilityGlobals) = postSolution
		SolutionGuid = {29CC7B43-1E55-4299-B9A5-F3CC88326E7A}
	EndGlobalSection
EndGlobal
